
Microsoft Visual Studio Solution File, Format Version 12.00
# Visual Studio 15
VisualStudioVersion = 15.0.28307.1267
MinimumVisualStudioVersion = 10.0.40219.1
Project("{FAE04EC0-301F-11D3-BF4B-00C04F79EFBC}") = "ControleDeEstoque.Web", "ControleDeEstoque.Web\ControleDeEstoque.Web.csproj", "{971E1E58-20C6-486F-902D-233643405B4A}"
EndProject
Global
	GlobalSection(SolutionConfigurationPlatforms) = preSolution
		Debug|Any CPU = Debug|Any CPU
		Release|Any CPU = Release|Any CPU
	EndGlobalSection
	GlobalSection(ProjectConfigurationPlatforms) = postSolution
		{971E1E58-20C6-486F-902D-233643405B4A}.Debug|Any CPU.ActiveCfg = Debug|Any CPU
		{971E1E58-20C6-486F-902D-233643405B4A}.Debug|Any CPU.Build.0 = Debug|Any CPU
		{971E1E58-20C6-486F-902D-233643405B4A}.Release|Any CPU.ActiveCfg = Release|Any CPU
		{971E1E58-20C6-486F-902D-233643405B4A}.Release|Any CPU.Build.0 = Release|Any CPU
	EndGlobalSection
	GlobalSection(SolutionProperties) = preSolution
		HideSolutionNode = FALSE
	EndGlobalSection
	GlobalSection(ExtensibilityGlobals) = postSolution
		SolutionGuid = {C009556A-94CA-4CFE-A107-276FA6FDB0F4}
	EndGlobalSection
EndGlobal
